
Microsoft Visual Studio Solution File, Format Version 12.00
Project("{FAE04EC0-301F-11D3-BF4B-00C04F79EFBC}") = "ExampleMod", "ExampleMod.csproj", "{413E91F8-5238-4A2C-9E96-3BC5AD48BB1D}"
EndProject
Global
	GlobalSection(SolutionConfigurationPlatforms) = preSolution
		Debug|Any CPU = Debug|Any CPU
		Release|Any CPU = Release|Any CPU
	EndGlobalSection
	GlobalSection(ProjectConfigurationPlatforms) = postSolution
		{413E91F8-5238-4A2C-9E96-3BC5AD48BB1D}.Debug|Any CPU.ActiveCfg = Debug|Any CPU
		{413E91F8-5238-4A2C-9E96-3BC5AD48BB1D}.Debug|Any CPU.Build.0 = Debug|Any CPU
		{413E91F8-5238-4A2C-9E96-3BC5AD48BB1D}.Release|Any CPU.ActiveCfg = Release|Any CPU
		{413E91F8-5238-4A2C-9E96-3BC5AD48BB1D}.Release|Any CPU.Build.0 = Release|Any CPU
	EndGlobalSection
EndGlobal
